
Microsoft Visual Studio Solution File, Format Version 12.00
# Visual Studio Version 16
VisualStudioVersion = 16.0.31019.35
MinimumVisualStudioVersion = 10.0.40219.1
Project("{FAE04EC0-301F-11D3-BF4B-00C04F79EFBC}") = "WPFGitHubTeam", "WPFGitHubTeam.csproj", "{BB3D3928-AEFB-46B6-ADDD-3D141D513515}"
EndProject
Global
	GlobalSection(SolutionConfigurationPlatforms) = preSolution
		Debug|Any CPU = Debug|Any CPU
		Release|Any CPU = Release|Any CPU
	EndGlobalSection
	GlobalSection(ProjectConfigurationPlatforms) = postSolution
		{BB3D3928-AEFB-46B6-ADDD-3D141D513515}.Debug|Any CPU.ActiveCfg = Debug|Any CPU
		{BB3D3928-AEFB-46B6-ADDD-3D141D513515}.Debug|Any CPU.Build.0 = Debug|Any CPU
		{BB3D3928-AEFB-46B6-ADDD-3D141D513515}.Release|Any CPU.ActiveCfg = Release|Any CPU
		{BB3D3928-AEFB-46B6-ADDD-3D141D513515}.Release|Any CPU.Build.0 = Release|Any CPU
	EndGlobalSection
	GlobalSection(SolutionProperties) = preSolution
		HideSolutionNode = FALSE
	EndGlobalSection
	GlobalSection(ExtensibilityGlobals) = postSolution
		SolutionGuid = {D48F70C9-1208-4763-8E7D-BE8555C531A6}
	EndGlobalSection
EndGlobal
